dependencies:
  78/esp-wifi-connect:
    component_hash: 
      bf996fc603af1ff529668c788c7b38a8d94b1d43455af56d116d27ebb04b742a
    dependencies:
    - name: idf
      require: private
      version: '>=5.3'
    source:
      registry_url: https://components.espressif.com/
      type: service
    version: 3.0.2
  espressif/button:
    component_hash: 
      fccb18c37f1cfe0797b74a53a44d3f400f5fd01f4993b40052dfb7f401915089
    dependencies:
    - name: espressif/cmake_utilities
      registry_url: https://components.espressif.com
      require: private
      version: '*'
    - name: idf
      require: private
      version: '>=4.0'
    source:
      registry_url: https://components.espressif.com
      type: service
    version: 4.1.5
  espressif/cmake_utilities:
    component_hash: 
      351350613ceafba240b761b4ea991e0f231ac7a9f59a9ee901f751bddc0bb18f
    dependencies:
    - name: idf
      require: private
      version: '>=4.1'
    source:
      registry_url: https://components.espressif.com
      type: service
    version: 0.5.3
  espressif/dl_fft:
    component_hash: 
      7dadbd644c0d7ba4733cc3726ec4cff6edf27b043725e1115861dec1609a3d28
    dependencies:
    - name: idf
      require: private
      version: '>=5.0'
    source:
      registry_url: https://components.espressif.com
      type: service
    version: 0.3.1
  espressif/esp-dsp:
    component_hash: 
      42dce32d46ac93dc11f60d368e29a830e9661c7345d794b8a45c343479cae636
    dependencies:
    - name: idf
      require: private
      version: '>=4.2'
    source:
      registry_url: https://components.espressif.com
      type: service
    version: 1.7.0
  espressif/esp-sr:
    component_hash: 
      46b1f70f8b561714b958d1c455213cca07162755d1b8df53498081199f15136f
    dependencies:
    - name: espressif/dl_fft
      registry_url: https://components.espressif.com
      require: private
      version: '>=0.2.0'
    - name: espressif/esp-dsp
      registry_url: https://components.espressif.com
      require: private
      version: 1.7.0
    - name: idf
      require: private
      version: '>=5.0'
    source:
      registry_url: https://components.espressif.com/
      type: service
    version: 2.3.1
  espressif/esp32_s3_usb_otg:
    component_hash: 
      ae993844d03f2e73aa8e52e2d773704afa31f38e8d9d09df1d2c76416db8462d
    dependencies:
    - name: espressif/button
      registry_url: https://components.espressif.com
      require: public
      version: ^4
    - name: espressif/esp_lvgl_port
      registry_url: https://components.espressif.com
      require: public
      version: ^2
    - name: idf
      require: private
      version: '>=5.1.3'
    - name: espressif/usb
      registry_url: https://components.espressif.com
      require: public
      rules:
      - if: idf_version >=6.0
      version: ^1.0.0
    source:
      registry_url: https://components.espressif.com/
      type: service
    targets:
    - esp32s3
    version: 2.0.4
  espressif/esp_lcd_touch:
    component_hash: 
      3f85a7d95af876f1a6ecca8eb90a81614890d0f03a038390804e5a77e2caf862
    dependencies:
    - name: idf
      require: private
      version: '>=4.4.2'
    source:
      registry_url: https://components.espressif.com
      type: service
    version: 1.2.1
  espressif/esp_lcd_touch_ft5x06:
    component_hash: 
      aa3f170c321859146b4084d5e168828d026cb7c67eebfaa524ce48b428182c1e
    dependencies:
    - name: espressif/esp_lcd_touch
      registry_url: https://components.espressif.com
      require: public
      version: ^1.2.0
    - name: idf
      require: private
      version: '>=4.4.2'
    source:
      registry_url: https://components.espressif.com/
      type: service
    version: 1.1.0
  espressif/esp_lvgl_port:
    component_hash: 
      88bbda87376ae20fabfbb5d794ed78d23b3b4a186ecfafecf2edbf06223fd6c9
    dependencies:
    - name: idf
      require: private
      version: '>=5.1'
    - name: lvgl/lvgl
      registry_url: https://components.espressif.com
      require: public
      version: '>=8,<10'
    source:
      registry_url: https://components.espressif.com/
      type: service
    version: 2.7.1
  espressif/usb_stream:
    component_hash: 
      130b26080cb06ea826a4b9371b6ced927034ba0cbbe0a13bbe408d10d5ca2972
    dependencies:
    - name: espressif/cmake_utilities
      registry_url: https://components.espressif.com
      require: private
      version: 0.5.*
    - name: idf
      require: private
      version: '>=4.4.1'
    source:
      registry_url: https://components.espressif.com/
      type: service
    targets:
    - esp32s2
    - esp32s3
    version: 1.5.1
  idf:
    source:
      type: idf
    version: 5.5.2
  lvgl/lvgl:
    component_hash: 
      184e532558c1c45fefed631f3e235423d22582aafb4630f3e8885c35281a49ae
    dependencies: []
    source:
      registry_url: https://components.espressif.com/
      type: service
    version: 9.5.0
direct_dependencies:
- 78/esp-wifi-connect
- espressif/esp-sr
- espressif/esp32_s3_usb_otg
- espressif/esp_lcd_touch_ft5x06
- espressif/esp_lvgl_port
- espressif/usb_stream
- idf
- lvgl/lvgl
manifest_hash: a932fa3ab07253321533bc8e9529ea1404bf9cae34dc80ced73967cd2c5f9117
target: esp32s3
version: 2.0.0
